
Microsoft Visual Studio Solution File, Format Version 12.00
# Visual Studio Version 16
VisualStudioVersion = 16.0.28917.181
MinimumVisualStudioVersion = 10.0.40219.1
Project("{FAE04EC0-301F-11D3-BF4B-00C04F79EFBC}") = "Alura.Tunes", "Alura.Tunes\Alura.Tunes.csproj", "{CD1A5372-C329-455F-9141-174F690871F5}"
EndProject
Global
	GlobalSection(SolutionConfigurationPlatforms) = preSolution
		Debug|Any CPU = Debug|Any CPU
		Release|Any CPU = Release|Any CPU
	EndGlobalSection
	GlobalSection(ProjectConfigurationPlatforms) = postSolution
		{CD1A5372-C329-455F-9141-174F690871F5}.Debug|Any CPU.ActiveCfg = Debug|Any CPU
		{CD1A5372-C329-455F-9141-174F690871F5}.Debug|Any CPU.Build.0 = Debug|Any CPU
		{CD1A5372-C329-455F-9141-174F690871F5}.Release|Any CPU.ActiveCfg = Release|Any CPU
		{CD1A5372-C329-455F-9141-174F690871F5}.Release|Any CPU.Build.0 = Release|Any CPU
	EndGlobalSection
	GlobalSection(SolutionProperties) = preSolution
		HideSolutionNode = FALSE
	EndGlobalSection
	GlobalSection(ExtensibilityGlobals) = postSolution
		SolutionGuid = {9742B3AE-2181-43EC-B1DC-D4F77822A272}
	EndGlobalSection
EndGlobal
