
Microsoft Visual Studio Solution File, Format Version 12.00
# Visual Studio Version 16
VisualStudioVersion = 16.0.28917.181
MinimumVisualStudioVersion = 10.0.40219.1
Project("{FAE04EC0-301F-11D3-BF4B-00C04F79EFBC}") = "Alura.Tunes.Data", "Alura.Tunes.Data\Alura.Tunes.Data.csproj", "{01314298-8C9B-41B9-89B6-256C42FC6E34}"
EndProject
Project("{2150E333-8FDC-42A3-9474-1A3956D46DE8}") = "Parte1", "Parte1", "{F91518C0-2EBE-4A0A-9AAE-14AE465EE471}"
EndProject
Global
	GlobalSection(SolutionConfigurationPlatforms) = preSolution
		Debug|Any CPU = Debug|Any CPU
		Release|Any CPU = Release|Any CPU
	EndGlobalSection
	GlobalSection(ProjectConfigurationPlatforms) = postSolution
		{01314298-8C9B-41B9-89B6-256C42FC6E34}.Debug|Any CPU.ActiveCfg = Debug|Any CPU
		{01314298-8C9B-41B9-89B6-256C42FC6E34}.Debug|Any CPU.Build.0 = Debug|Any CPU
		{01314298-8C9B-41B9-89B6-256C42FC6E34}.Release|Any CPU.ActiveCfg = Release|Any CPU
		{01314298-8C9B-41B9-89B6-256C42FC6E34}.Release|Any CPU.Build.0 = Release|Any CPU
	EndGlobalSection
	GlobalSection(SolutionProperties) = preSolution
		HideSolutionNode = FALSE
	EndGlobalSection
	GlobalSection(NestedProjects) = preSolution
		{01314298-8C9B-41B9-89B6-256C42FC6E34} = {F91518C0-2EBE-4A0A-9AAE-14AE465EE471}
	EndGlobalSection
	GlobalSection(ExtensibilityGlobals) = postSolution
		SolutionGuid = {9742B3AE-2181-43EC-B1DC-D4F77822A272}
	EndGlobalSection
EndGlobal
